
Microsoft Visual Studio Solution File, Format Version 12.00
# Visual Studio Version 17
VisualStudioVersion = 17.13.35913.81 d17.13
MinimumVisualStudioVersion = 10.0.40219.1
Project("{FAE04EC0-301F-11D3-BF4B-00C04F79EFBC}") = "LiteDb.VersionChecker", "LiteDb.VersionChecker.csproj", "{9D3886D2-F402-0621-F1EF-0E7E607A4064}"
EndProject
Global
	GlobalSection(SolutionConfigurationPlatforms) = preSolution
		Debug|Any CPU = Debug|Any CPU
		Release|Any CPU = Release|Any CPU
	EndGlobalSection
	GlobalSection(ProjectConfigurationPlatforms) = postSolution
		{9D3886D2-F402-0621-F1EF-0E7E607A4064}.Debug|Any CPU.ActiveCfg = Debug|Any CPU
		{9D3886D2-F402-0621-F1EF-0E7E607A4064}.Debug|Any CPU.Build.0 = Debug|Any CPU
		{9D3886D2-F402-0621-F1EF-0E7E607A4064}.Release|Any CPU.ActiveCfg = Release|Any CPU
		{9D3886D2-F402-0621-F1EF-0E7E607A4064}.Release|Any CPU.Build.0 = Release|Any CPU
	EndGlobalSection
	GlobalSection(SolutionProperties) = preSolution
		HideSolutionNode = FALSE
	EndGlobalSection
	GlobalSection(ExtensibilityGlobals) = postSolution
		SolutionGuid = {9737D6E3-1D13-4630-872B-416E2D73E0FA}
	EndGlobalSection
EndGlobal
